
Microsoft Visual Studio Solution File, Format Version 12.00
# Visual Studio Version 17
VisualStudioVersion = 17.0.32014.148
MinimumVisualStudioVersion = 10.0.40219.1
Project("{FAE04EC0-301F-11D3-BF4B-00C04F79EFBC}") = "WindowsFormsApp1", "WindowsFormsApp1\WindowsFormsApp1.csproj", "{A6F8E2DD-CA0F-42E6-A7F3-231B9B825784}"
EndProject
Global
	GlobalSection(SolutionConfigurationPlatforms) = preSolution
		Debug|Any CPU = Debug|Any CPU
		Release|Any CPU = Release|Any CPU
	EndGlobalSection
	GlobalSection(ProjectConfigurationPlatforms) = postSolution
		{A6F8E2DD-CA0F-42E6-A7F3-231B9B825784}.Debug|Any CPU.ActiveCfg = Debug|Any CPU
		{A6F8E2DD-CA0F-42E6-A7F3-231B9B825784}.Debug|Any CPU.Build.0 = Debug|Any CPU
		{A6F8E2DD-CA0F-42E6-A7F3-231B9B825784}.Release|Any CPU.ActiveCfg = Release|Any CPU
		{A6F8E2DD-CA0F-42E6-A7F3-231B9B825784}.Release|Any CPU.Build.0 = Release|Any CPU
	EndGlobalSection
	GlobalSection(SolutionProperties) = preSolution
		HideSolutionNode = FALSE
	EndGlobalSection
	GlobalSection(ExtensibilityGlobals) = postSolution
		SolutionGuid = {6656E75D-3573-485F-A149-18866A8E36CB}
	EndGlobalSection
EndGlobal
